
Microsoft Visual Studio Solution File, Format Version 11.00
# Visual Studio 2010
Project("{FAE04EC0-301F-11D3-BF4B-00C04F79EFBC}") = "Stream", "Assembly-CSharp.csproj", "{32B7CA11-2FA6-7882-F28B-45172753601B}"
EndProject
Global
	GlobalSection(SolutionConfigurationPlatforms) = preSolution
		Debug|Any CPU = Debug|Any CPU
		Release|Any CPU = Release|Any CPU
	EndGlobalSection
	GlobalSection(ProjectConfigurationPlatforms) = postSolution
		{32B7CA11-2FA6-7882-F28B-45172753601B}.Debug|Any CPU.ActiveCfg = Debug|Any CPU
		{32B7CA11-2FA6-7882-F28B-45172753601B}.Debug|Any CPU.Build.0 = Debug|Any CPU
		{32B7CA11-2FA6-7882-F28B-45172753601B}.Release|Any CPU.ActiveCfg = Release|Any CPU
		{32B7CA11-2FA6-7882-F28B-45172753601B}.Release|Any CPU.Build.0 = Release|Any CPU
	EndGlobalSection
	GlobalSection(SolutionProperties) = preSolution
		HideSolutionNode = FALSE
	EndGlobalSection
	GlobalSection(MonoDevelopProperties) = preSolution
		StartupItem = Assembly-CSharp.csproj
	EndGlobalSection
EndGlobal
